// !$*UTF8*$!
{
	archiveVersion = 1;
	classes = {
	};
	objectVersion = 50;
	objects = {

/* Begin PBXBuildFile section */
		7905899725FE5B4F00D14AB5 /* HeartLevelProgress.xib in Resources */ = {isa = PBXBuildFile; fileRef = 7905899625FE5B4F00D14AB5 /* HeartLevelProgress.xib */; };
		7905899A25FE5B7000D14AB5 /* HeartLevelProgress.swift in Sources */ = {isa = PBXBuildFile; fileRef = 7905899925FE5B7000D14AB5 /* HeartLevelProgress.swift */; };
		7961DEDA2601543500E0AF9E /* SagaOutOfLivesPopup.xib in Resources */ = {isa = PBXBuildFile; fileRef = 7961DED92601543500E0AF9E /* SagaOutOfLivesPopup.xib */; };
		7961DEDD2601544300E0AF9E /* SagaOutOfLivesPopup.swift in Sources */ = {isa = PBXBuildFile; fileRef = 7961DEDC2601544300E0AF9E /* SagaOutOfLivesPopup.swift */; };
		7961DEE02601558B00E0AF9E /* ButtonWithOutlinedLabel.swift in Sources */ = {isa = PBXBuildFile; fileRef = 7961DEDF2601558B00E0AF9E /* ButtonWithOutlinedLabel.swift */; };
		797357FF25FA129100DAB11B /* AppDelegate.swift in Sources */ = {isa = PBXBuildFile; fileRef = 797357FE25FA129100DAB11B /* AppDelegate.swift */; };
		7973580125FA129100DAB11B /* SceneDelegate.swift in Sources */ = {isa = PBXBuildFile; fileRef = 7973580025FA129100DAB11B /* SceneDelegate.swift */; };
		7973580325FA129100DAB11B /* ViewController.swift in Sources */ = {isa = PBXBuildFile; fileRef = 7973580225FA129100DAB11B /* ViewController.swift */; };
		7973580625FA129100DAB11B /* Main.storyboard in Resources */ = {isa = PBXBuildFile; fileRef = 7973580425FA129100DAB11B /* Main.storyboard */; };
		7973580825FA129400DAB11B /* Assets.xcassets in Resources */ = {isa = PBXBuildFile; fileRef = 7973580725FA129400DAB11B /* Assets.xcassets */; };
		7973580B25FA129400DAB11B /* LaunchScreen.storyboard in Resources */ = {isa = PBXBuildFile; fileRef = 7973580925FA129400DAB11B /* LaunchScreen.storyboard */; };
		7973581A25FA183100DAB11B /* PlaySagaButton.xib in Resources */ = {isa = PBXBuildFile; fileRef = 7973581925FA183100DAB11B /* PlaySagaButton.xib */; };
		7973581D25FA18A600DAB11B /* PlaySagaButton.swift in Sources */ = {isa = PBXBuildFile; fileRef = 7973581C25FA18A600DAB11B /* PlaySagaButton.swift */; };
		7973582025FA18E000DAB11B /* HelperCode.swift in Sources */ = {isa = PBXBuildFile; fileRef = 7973581F25FA18E000DAB11B /* HelperCode.swift */; };
		7973582C25FA219B00DAB11B /* ClaweeProgressBar.swift in Sources */ = {isa = PBXBuildFile; fileRef = 7973582A25FA219B00DAB11B /* ClaweeProgressBar.swift */; };
		7973582D25FA219B00DAB11B /* ClaweeProgressBar.xib in Resources */ = {isa = PBXBuildFile; fileRef = 7973582B25FA219B00DAB11B /* ClaweeProgressBar.xib */; };
		7973583125FA221100DAB11B /* TouchScaleButton.swift in Sources */ = {isa = PBXBuildFile; fileRef = 7973583025FA221100DAB11B /* TouchScaleButton.swift */; };
		7973583525FA229E00DAB11B /* UIView+Extensions.swift in Sources */ = {isa = PBXBuildFile; fileRef = 7973583425FA229E00DAB11B /* UIView+Extensions.swift */; };
		7973583B25FA22F400DAB11B /* NibView.swift in Sources */ = {isa = PBXBuildFile; fileRef = 7973583A25FA22F400DAB11B /* NibView.swift */; };
		7973583F25FA230A00DAB11B /* NibButton.swift in Sources */ = {isa = PBXBuildFile; fileRef = 7973583E25FA230A00DAB11B /* NibButton.swift */; };
		7973589B25FB50B500DAB11B /* Neuron Black.otf in Resources */ = {isa = PBXBuildFile; fileRef = 7973589525FB50B500DAB11B /* Neuron Black.otf */; };
		7973589C25FB50B500DAB11B /* Neuron ExtraBold.otf in Resources */ = {isa = PBXBuildFile; fileRef = 7973589625FB50B500DAB11B /* Neuron ExtraBold.otf */; };
		7973589D25FB50B500DAB11B /* Neuron Heavy.otf in Resources */ = {isa = PBXBuildFile; fileRef = 7973589725FB50B500DAB11B /* Neuron Heavy.otf */; };
		7973589E25FB50B500DAB11B /* Neuron Bold.otf in Resources */ = {isa = PBXBuildFile; fileRef = 7973589825FB50B500DAB11B /* Neuron Bold.otf */; };
		7973589F25FB50B500DAB11B /* Neuron_Light.otf in Resources */ = {isa = PBXBuildFile; fileRef = 7973589925FB50B500DAB11B /* Neuron_Light.otf */; };
		797358A025FB50B500DAB11B /* Neuron_Regular.otf in Resources */ = {isa = PBXBuildFile; fileRef = 7973589A25FB50B500DAB11B /* Neuron_Regular.otf */; };
		797358A425FB5CDF00DAB11B /* ClaweeTimer.swift in Sources */ = {isa = PBXBuildFile; fileRef = 797358A325FB5CDF00DAB11B /* ClaweeTimer.swift */; };
		797358A925FB5D8500DAB11B /* GradientButtonLabel.swift in Sources */ = {isa = PBXBuildFile; fileRef = 797358A725FB5D8500DAB11B /* GradientButtonLabel.swift */; };
		797358AC25FB5F0800DAB11B /* UILabel+Extensions.swift in Sources */ = {isa = PBXBuildFile; fileRef = 797358AB25FB5F0800DAB11B /* UILabel+Extensions.swift */; };
		797358B425FB61F100DAB11B /* String+Extensions.swift in Sources */ = {isa = PBXBuildFile; fileRef = 797358B325FB61F100DAB11B /* String+Extensions.swift */; };
		797358BB25FB66B800DAB11B /* Logger.swift in Sources */ = {isa = PBXBuildFile; fileRef = 797358BA25FB66B800DAB11B /* Logger.swift */; };
		797358BE25FB682000DAB11B /* UIDate+Extensions.swift in Sources */ = {isa = PBXBuildFile; fileRef = 797358BD25FB682000DAB11B /* UIDate+Extensions.swift */; };
/* End PBXBuildFile section */

/* Begin PBXFileReference section */
		7905899625FE5B4F00D14AB5 /* HeartLevelProgress.xib */ = {isa = PBXFileReference; lastKnownFileType = file.xib; path = HeartLevelProgress.xib; sourceTree = "<group>"; };
		7905899925FE5B7000D14AB5 /* HeartLevelProgress.swift */ = {isa = PBXFileReference; lastKnownFileType = sourcecode.swift; path = HeartLevelProgress.swift; sourceTree = "<group>"; };
		7961DED92601543500E0AF9E /* SagaOutOfLivesPopup.xib */ = {isa = PBXFileReference; lastKnownFileType = file.xib; path = SagaOutOfLivesPopup.xib; sourceTree = "<group>"; };
		7961DEDC2601544300E0AF9E /* SagaOutOfLivesPopup.swift */ = {isa = PBXFileReference; lastKnownFileType = sourcecode.swift; path = SagaOutOfLivesPopup.swift; sourceTree = "<group>"; };
		7961DEDF2601558B00E0AF9E /* ButtonWithOutlinedLabel.swift */ = {isa = PBXFileReference; fileEncoding = 4; lastKnownFileType = sourcecode.swift; path = ButtonWithOutlinedLabel.swift; sourceTree = "<group>"; };
		797357FB25FA129100DAB11B /* ClaweeUI.app */ = {isa = PBXFileReference; explicitFileType = wrapper.application; includeInIndex = 0; path = ClaweeUI.app; sourceTree = BUILT_PRODUCTS_DIR; };
		797357FE25FA129100DAB11B /* AppDelegate.swift */ = {isa = PBXFileReference; lastKnownFileType = sourcecode.swift; path = AppDelegate.swift; sourceTree = "<group>"; };
		7973580025FA129100DAB11B /* SceneDelegate.swift */ = {isa = PBXFileReference; lastKnownFileType = sourcecode.swift; path = SceneDelegate.swift; sourceTree = "<group>"; };
		7973580225FA129100DAB11B /* ViewController.swift */ = {isa = PBXFileReference; lastKnownFileType = sourcecode.swift; path = ViewController.swift; sourceTree = "<group>"; };
		7973580525FA129100DAB11B /* Base */ = {isa = PBXFileReference; lastKnownFileType = file.storyboard; name = Base; path = Base.lproj/Main.storyboard; sourceTree = "<group>"; };
		7973580725FA129400DAB11B /* Assets.xcassets */ = {isa = PBXFileReference; lastKnownFileType = folder.assetcatalog; path = Assets.xcassets; sourceTree = "<group>"; };
		7973580A25FA129400DAB11B /* Base */ = {isa = PBXFileReference; lastKnownFileType = file.storyboard; name = Base; path = Base.lproj/LaunchScreen.storyboard; sourceTree = "<group>"; };
		7973580C25FA129400DAB11B /* Info.plist */ = {isa = PBXFileReference; lastKnownFileType = text.plist.xml; path = Info.plist; sourceTree = "<group>"; };
		7973581925FA183100DAB11B /* PlaySagaButton.xib */ = {isa = PBXFileReference; lastKnownFileType = file.xib; path = PlaySagaButton.xib; sourceTree = "<group>"; };
		7973581C25FA18A600DAB11B /* PlaySagaButton.swift */ = {isa = PBXFileReference; lastKnownFileType = sourcecode.swift; path = PlaySagaButton.swift; sourceTree = "<group>"; };
		7973581F25FA18E000DAB11B /* HelperCode.swift */ = {isa = PBXFileReference; lastKnownFileType = sourcecode.swift; path = HelperCode.swift; sourceTree = "<group>"; };
		7973582A25FA219B00DAB11B /* ClaweeProgressBar.swift */ = {isa = PBXFileReference; fileEncoding = 4; lastKnownFileType = sourcecode.swift; path = ClaweeProgressBar.swift; sourceTree = "<group>"; };
		7973582B25FA219B00DAB11B /* ClaweeProgressBar.xib */ = {isa = PBXFileReference; fileEncoding = 4; lastKnownFileType = file.xib; path = ClaweeProgressBar.xib; sourceTree = "<group>"; };
		7973583025FA221100DAB11B /* TouchScaleButton.swift */ = {isa = PBXFileReference; lastKnownFileType = sourcecode.swift; path = TouchScaleButton.swift; sourceTree = "<group>"; };
		7973583425FA229E00DAB11B /* UIView+Extensions.swift */ = {isa = PBXFileReference; lastKnownFileType = sourcecode.swift; path = "UIView+Extensions.swift"; sourceTree = "<group>"; };
		7973583A25FA22F400DAB11B /* NibView.swift */ = {isa = PBXFileReference; lastKnownFileType = sourcecode.swift; path = NibView.swift; sourceTree = "<group>"; };
		7973583E25FA230A00DAB11B /* NibButton.swift */ = {isa = PBXFileReference; lastKnownFileType = sourcecode.swift; path = NibButton.swift; sourceTree = "<group>"; };
		7973589525FB50B500DAB11B /* Neuron Black.otf */ = {isa = PBXFileReference; lastKnownFileType = file; path = "Neuron Black.otf"; sourceTree = "<group>"; };
		7973589625FB50B500DAB11B /* Neuron ExtraBold.otf */ = {isa = PBXFileReference; lastKnownFileType = file; path = "Neuron ExtraBold.otf"; sourceTree = "<group>"; };
		7973589725FB50B500DAB11B /* Neuron Heavy.otf */ = {isa = PBXFileReference; lastKnownFileType = file; path = "Neuron Heavy.otf"; sourceTree = "<group>"; };
		7973589825FB50B500DAB11B /* Neuron Bold.otf */ = {isa = PBXFileReference; lastKnownFileType = file; path = "Neuron Bold.otf"; sourceTree = "<group>"; };
		7973589925FB50B500DAB11B /* Neuron_Light.otf */ = {isa = PBXFileReference; lastKnownFileType = file; path = Neuron_Light.otf; sourceTree = "<group>"; };
		7973589A25FB50B500DAB11B /* Neuron_Regular.otf */ = {isa = PBXFileReference; lastKnownFileType = file; path = Neuron_Regular.otf; sourceTree = "<group>"; };
		797358A325FB5CDF00DAB11B /* ClaweeTimer.swift */ = {isa = PBXFileReference; fileEncoding = 4; lastKnownFileType = sourcecode.swift; path = ClaweeTimer.swift; sourceTree = "<group>"; };
		797358A725FB5D8500DAB11B /* GradientButtonLabel.swift */ = {isa = PBXFileReference; fileEncoding = 4; lastKnownFileType = sourcecode.swift; path = GradientButtonLabel.swift; sourceTree = "<group>"; };
		797358AB25FB5F0800DAB11B /* UILabel+Extensions.swift */ = {isa = PBXFileReference; lastKnownFileType = sourcecode.swift; path = "UILabel+Extensions.swift"; sourceTree = "<group>"; };
		797358B325FB61F100DAB11B /* String+Extensions.swift */ = {isa = PBXFileReference; lastKnownFileType = sourcecode.swift; path = "String+Extensions.swift"; sourceTree = "<group>"; };
		797358BA25FB66B800DAB11B /* Logger.swift */ = {isa = PBXFileReference; fileEncoding = 4; lastKnownFileType = sourcecode.swift; path = Logger.swift; sourceTree = "<group>"; };
		797358BD25FB682000DAB11B /* UIDate+Extensions.swift */ = {isa = PBXFileReference; lastKnownFileType = sourcecode.swift; path = "UIDate+Extensions.swift"; sourceTree = "<group>"; };
/* End PBXFileReference section */

/* Begin PBXFrameworksBuildPhase section */
		797357F825FA129100DAB11B /* Frameworks */ = {
			isa = PBXFrameworksBuildPhase;
			buildActionMask = 2147483647;
			files = (
			);
			runOnlyForDeploymentPostprocessing = 0;
		};
/* End PBXFrameworksBuildPhase section */

/* Begin PBXGroup section */
		7905899525FE5B2500D14AB5 /* HeartLevelProgress */ = {
			isa = PBXGroup;
			children = (
				7905899625FE5B4F00D14AB5 /* HeartLevelProgress.xib */,
				7905899925FE5B7000D14AB5 /* HeartLevelProgress.swift */,
			);
			path = HeartLevelProgress;
			sourceTree = "<group>";
		};
		7961DED72601536900E0AF9E /* UIControls */ = {
			isa = PBXGroup;
			children = (
				7961DED8260153B000E0AF9E /* OutOfLives */,
				7973581725FA174200DAB11B /* PlaySagaButton */,
			);
			path = UIControls;
			sourceTree = "<group>";
		};
		7961DED8260153B000E0AF9E /* OutOfLives */ = {
			isa = PBXGroup;
			children = (
				7961DED92601543500E0AF9E /* SagaOutOfLivesPopup.xib */,
				7961DEDC2601544300E0AF9E /* SagaOutOfLivesPopup.swift */,
				7961DEDF2601558B00E0AF9E /* ButtonWithOutlinedLabel.swift */,
			);
			path = OutOfLives;
			sourceTree = "<group>";
		};
		797357F225FA129100DAB11B = {
			isa = PBXGroup;
			children = (
				797357FD25FA129100DAB11B /* ClaweeUI */,
				797357FC25FA129100DAB11B /* Products */,
			);
			sourceTree = "<group>";
		};
		797357FC25FA129100DAB11B /* Products */ = {
			isa = PBXGroup;
			children = (
				797357FB25FA129100DAB11B /* ClaweeUI.app */,
			);
			name = Products;
			sourceTree = "<group>";
		};
		797357FD25FA129100DAB11B /* ClaweeUI */ = {
			isa = PBXGroup;
			children = (
				7961DED72601536900E0AF9E /* UIControls */,
				7973584525FA24BE00DAB11B /* MainModule */,
				7973583825FA22CA00DAB11B /* Common */,
				7973581325FA12B600DAB11B /* Application */,
				7973581425FA12F600DAB11B /* Resources */,
				7973581F25FA18E000DAB11B /* HelperCode.swift */,
			);
			path = ClaweeUI;
			sourceTree = "<group>";
		};
		7973581325FA12B600DAB11B /* Application */ = {
			isa = PBXGroup;
			children = (
				797357FE25FA129100DAB11B /* AppDelegate.swift */,
				7973580025FA129100DAB11B /* SceneDelegate.swift */,
				7973580925FA129400DAB11B /* LaunchScreen.storyboard */,
				7973580C25FA129400DAB11B /* Info.plist */,
			);
			path = Application;
			sourceTree = "<group>";
		};
		7973581425FA12F600DAB11B /* Resources */ = {
			isa = PBXGroup;
			children = (
				7973589325FB50A800DAB11B /* Fonts */,
				7973580725FA129400DAB11B /* Assets.xcassets */,
			);
			path = Resources;
			sourceTree = "<group>";
		};
		7973581725FA174200DAB11B /* PlaySagaButton */ = {
			isa = PBXGroup;
			children = (
				7973581925FA183100DAB11B /* PlaySagaButton.xib */,
				7973581C25FA18A600DAB11B /* PlaySagaButton.swift */,
				7905899525FE5B2500D14AB5 /* HeartLevelProgress */,
				7973582925FA218200DAB11B /* ProgressBar */,
				7973582F25FA21AD00DAB11B /* BaseView */,
			);
			path = PlaySagaButton;
			sourceTree = "<group>";
		};
		7973582925FA218200DAB11B /* ProgressBar */ = {
			isa = PBXGroup;
			children = (
				7973582B25FA219B00DAB11B /* ClaweeProgressBar.xib */,
				7973582A25FA219B00DAB11B /* ClaweeProgressBar.swift */,
			);
			path = ProgressBar;
			sourceTree = "<group>";
		};
		7973582F25FA21AD00DAB11B /* BaseView */ = {
			isa = PBXGroup;
			children = (
				797358A725FB5D8500DAB11B /* GradientButtonLabel.swift */,
				7973583025FA221100DAB11B /* TouchScaleButton.swift */,
			);
			path = BaseView;
			sourceTree = "<group>";
		};
		7973583325FA228C00DAB11B /* Extensions */ = {
			isa = PBXGroup;
			children = (
				7973583425FA229E00DAB11B /* UIView+Extensions.swift */,
				797358AB25FB5F0800DAB11B /* UILabel+Extensions.swift */,
				797358B325FB61F100DAB11B /* String+Extensions.swift */,
				797358BD25FB682000DAB11B /* UIDate+Extensions.swift */,
			);
			path = Extensions;
			sourceTree = "<group>";
		};
		7973583825FA22CA00DAB11B /* Common */ = {
			isa = PBXGroup;
			children = (
				797358B925FB669E00DAB11B /* Debug */,
				797358A225FB5CCB00DAB11B /* Utils */,
				7973583925FA22D100DAB11B /* BaseClasses */,
				7973583325FA228C00DAB11B /* Extensions */,
			);
			path = Common;
			sourceTree = "<group>";
		};
		7973583925FA22D100DAB11B /* BaseClasses */ = {
			isa = PBXGroup;
			children = (
				7973583A25FA22F400DAB11B /* NibView.swift */,
				7973583E25FA230A00DAB11B /* NibButton.swift */,
			);
			path = BaseClasses;
			sourceTree = "<group>";
		};
		7973584525FA24BE00DAB11B /* MainModule */ = {
			isa = PBXGroup;
			children = (
				7973580425FA129100DAB11B /* Main.storyboard */,
				7973580225FA129100DAB11B /* ViewController.swift */,
			);
			path = MainModule;
			sourceTree = "<group>";
		};
		7973589325FB50A800DAB11B /* Fonts */ = {
			isa = PBXGroup;
			children = (
				7973589425FB50B500DAB11B /* Neuron */,
			);
			path = Fonts;
			sourceTree = "<group>";
		};
		7973589425FB50B500DAB11B /* Neuron */ = {
			isa = PBXGroup;
			children = (
				7973589525FB50B500DAB11B /* Neuron Black.otf */,
				7973589625FB50B500DAB11B /* Neuron ExtraBold.otf */,
				7973589725FB50B500DAB11B /* Neuron Heavy.otf */,
				7973589825FB50B500DAB11B /* Neuron Bold.otf */,
				7973589925FB50B500DAB11B /* Neuron_Light.otf */,
				7973589A25FB50B500DAB11B /* Neuron_Regular.otf */,
			);
			path = Neuron;
			sourceTree = "<group>";
		};
		797358A225FB5CCB00DAB11B /* Utils */ = {
			isa = PBXGroup;
			children = (
				797358A325FB5CDF00DAB11B /* ClaweeTimer.swift */,
			);
			path = Utils;
			sourceTree = "<group>";
		};
		797358B925FB669E00DAB11B /* Debug */ = {
			isa = PBXGroup;
			children = (
				797358BA25FB66B800DAB11B /* Logger.swift */,
			);
			path = Debug;
			sourceTree = "<group>";
		};
/* End PBXGroup section */

/* Begin PBXNativeTarget section */
		797357FA25FA129100DAB11B /* ClaweeUI */ = {
			isa = PBXNativeTarget;
			buildConfigurationList = 7973580F25FA129400DAB11B /* Build configuration list for PBXNativeTarget "ClaweeUI" */;
			buildPhases = (
				797357F725FA129100DAB11B /* Sources */,
				797357F825FA129100DAB11B /* Frameworks */,
				797357F925FA129100DAB11B /* Resources */,
			);
			buildRules = (
			);
			dependencies = (
			);
			name = ClaweeUI;
			productName = ClaweeUI;
			productReference = 797357FB25FA129100DAB11B /* ClaweeUI.app */;
			productType = "com.apple.product-type.application";
		};
/* End PBXNativeTarget section */

/* Begin PBXProject section */
		797357F325FA129100DAB11B /* Project object */ = {
			isa = PBXProject;
			attributes = {
				LastSwiftUpdateCheck = 1210;
				LastUpgradeCheck = 1210;
				TargetAttributes = {
					797357FA25FA129100DAB11B = {
						CreatedOnToolsVersion = 12.1;
					};
				};
			};
			buildConfigurationList = 797357F625FA129100DAB11B /* Build configuration list for PBXProject "ClaweeUI" */;
			compatibilityVersion = "Xcode 9.3";
			developmentRegion = en;
			hasScannedForEncodings = 0;
			knownRegions = (
				en,
				Base,
			);
			mainGroup = 797357F225FA129100DAB11B;
			productRefGroup = 797357FC25FA129100DAB11B /* Products */;
			projectDirPath = "";
			projectRoot = "";
			targets = (
				797357FA25FA129100DAB11B /* ClaweeUI */,
			);
		};
/* End PBXProject section */

/* Begin PBXResourcesBuildPhase section */
		797357F925FA129100DAB11B /* Resources */ = {
			isa = PBXResourcesBuildPhase;
			buildActionMask = 2147483647;
			files = (
				7973589C25FB50B500DAB11B /* Neuron ExtraBold.otf in Resources */,
				7973580B25FA129400DAB11B /* LaunchScreen.storyboard in Resources */,
				7973580825FA129400DAB11B /* Assets.xcassets in Resources */,
				7973589D25FB50B500DAB11B /* Neuron Heavy.otf in Resources */,
				7905899725FE5B4F00D14AB5 /* HeartLevelProgress.xib in Resources */,
				7973582D25FA219B00DAB11B /* ClaweeProgressBar.xib in Resources */,
				7973589E25FB50B500DAB11B /* Neuron Bold.otf in Resources */,
				7973580625FA129100DAB11B /* Main.storyboard in Resources */,
				7973589F25FB50B500DAB11B /* Neuron_Light.otf in Resources */,
				797358A025FB50B500DAB11B /* Neuron_Regular.otf in Resources */,
				7973581A25FA183100DAB11B /* PlaySagaButton.xib in Resources */,
				7961DEDA2601543500E0AF9E /* SagaOutOfLivesPopup.xib in Resources */,
				7973589B25FB50B500DAB11B /* Neuron Black.otf in Resources */,
			);
			runOnlyForDeploymentPostprocessing = 0;
		};
/* End PBXResourcesBuildPhase section */

/* Begin PBXSourcesBuildPhase section */
		797357F725FA129100DAB11B /* Sources */ = {
			isa = PBXSourcesBuildPhase;
			buildActionMask = 2147483647;
			files = (
				7961DEE02601558B00E0AF9E /* ButtonWithOutlinedLabel.swift in Sources */,
				7973582025FA18E000DAB11B /* HelperCode.swift in Sources */,
				7973582C25FA219B00DAB11B /* ClaweeProgressBar.swift in Sources */,
				797358A925FB5D8500DAB11B /* GradientButtonLabel.swift in Sources */,
				7905899A25FE5B7000D14AB5 /* HeartLevelProgress.swift in Sources */,
				7961DEDD2601544300E0AF9E /* SagaOutOfLivesPopup.swift in Sources */,
				7973583125FA221100DAB11B /* TouchScaleButton.swift in Sources */,
				7973580325FA129100DAB11B /* ViewController.swift in Sources */,
				797357FF25FA129100DAB11B /* AppDelegate.swift in Sources */,
				797358AC25FB5F0800DAB11B /* UILabel+Extensions.swift in Sources */,
				797358A425FB5CDF00DAB11B /* ClaweeTimer.swift in Sources */,
				797358B425FB61F100DAB11B /* String+Extensions.swift in Sources */,
				797358BE25FB682000DAB11B /* UIDate+Extensions.swift in Sources */,
				7973583F25FA230A00DAB11B /* NibButton.swift in Sources */,
				797358BB25FB66B800DAB11B /* Logger.swift in Sources */,
				7973583B25FA22F400DAB11B /* NibView.swift in Sources */,
				7973580125FA129100DAB11B /* SceneDelegate.swift in Sources */,
				7973583525FA229E00DAB11B /* UIView+Extensions.swift in Sources */,
				7973581D25FA18A600DAB11B /* PlaySagaButton.swift in Sources */,
			);
			runOnlyForDeploymentPostprocessing = 0;
		};
/* End PBXSourcesBuildPhase section */

/* Begin PBXVariantGroup section */
		7973580425FA129100DAB11B /* Main.storyboard */ = {
			isa = PBXVariantGroup;
			children = (
				7973580525FA129100DAB11B /* Base */,
			);
			name = Main.storyboard;
			sourceTree = "<group>";
		};
		7973580925FA129400DAB11B /* LaunchScreen.storyboard */ = {
			isa = PBXVariantGroup;
			children = (
				7973580A25FA129400DAB11B /* Base */,
			);
			name = LaunchScreen.storyboard;
			sourceTree = "<group>";
		};
/* End PBXVariantGroup section */

/* Begin XCBuildConfiguration section */
		7973580D25FA129400DAB11B /* Debug */ = {
			isa = XCBuildConfiguration;
			buildSettings = {
				ALWAYS_SEARCH_USER_PATHS = NO;
				CLANG_ANALYZER_NONNULL = YES;
				CLANG_ANALYZER_NUMBER_OBJECT_CONVERSION = YES_AGGRESSIVE;
				CLANG_CXX_LANGUAGE_STANDARD = "gnu++14";
				CLANG_CXX_LIBRARY = "libc++";
				CLANG_ENABLE_MODULES = YES;
				CLANG_ENABLE_OBJC_ARC = YES;
				CLANG_ENABLE_OBJC_WEAK = YES;
				CLANG_WARN_BLOCK_CAPTURE_AUTORELEASING = YES;
				CLANG_WARN_BOOL_CONVERSION = YES;
				CLANG_WARN_COMMA = YES;
				CLANG_WARN_CONSTANT_CONVERSION = YES;
				CLANG_WARN_DEPRECATED_OBJC_IMPLEMENTATIONS = YES;
				CLANG_WARN_DIRECT_OBJC_ISA_USAGE = YES_ERROR;
				CLANG_WARN_DOCUMENTATION_COMMENTS = YES;
				CLANG_WARN_EMPTY_BODY = YES;
				CLANG_WARN_ENUM_CONVERSION = YES;
				CLANG_WARN_INFINITE_RECURSION = YES;
				CLANG_WARN_INT_CONVERSION = YES;
				CLANG_WARN_NON_LITERAL_NULL_CONVERSION = YES;
				CLANG_WARN_OBJC_IMPLICIT_RETAIN_SELF = YES;
				CLANG_WARN_OBJC_LITERAL_CONVERSION = YES;
				CLANG_WARN_OBJC_ROOT_CLASS = YES_ERROR;
				CLANG_WARN_QUOTED_INCLUDE_IN_FRAMEWORK_HEADER = YES;
				CLANG_WARN_RANGE_LOOP_ANALYSIS = YES;
				CLANG_WARN_STRICT_PROTOTYPES = YES;
				CLANG_WARN_SUSPICIOUS_MOVE = YES;
				CLANG_WARN_UNGUARDED_AVAILABILITY = YES_AGGRESSIVE;
				CLANG_WARN_UNREACHABLE_CODE = YES;
				CLANG_WARN__DUPLICATE_METHOD_MATCH = YES;
				COPY_PHASE_STRIP = NO;
				DEBUG_INFORMATION_FORMAT = dwarf;
				ENABLE_STRICT_OBJC_MSGSEND = YES;
				ENABLE_TESTABILITY = YES;
				GCC_C_LANGUAGE_STANDARD = gnu11;
				GCC_DYNAMIC_NO_PIC = NO;
				GCC_NO_COMMON_BLOCKS = YES;
				GCC_OPTIMIZATION_LEVEL = 0;
				GCC_PREPROCESSOR_DEFINITIONS = (
					"DEBUG=1",
					"$(inherited)",
				);
				GCC_WARN_64_TO_32_BIT_CONVERSION = YES;
				GCC_WARN_ABOUT_RETURN_TYPE = YES_ERROR;
				GCC_WARN_UNDECLARED_SELECTOR = YES;
				GCC_WARN_UNINITIALIZED_AUTOS = YES_AGGRESSIVE;
				GCC_WARN_UNUSED_FUNCTION = YES;
				GCC_WARN_UNUSED_VARIABLE = YES;
				IPHONEOS_DEPLOYMENT_TARGET = 14.1;
				MTL_ENABLE_DEBUG_INFO = INCLUDE_SOURCE;
				MTL_FAST_MATH = YES;
				ONLY_ACTIVE_ARCH = YES;
				SDKROOT = iphoneos;
				SWIFT_ACTIVE_COMPILATION_CONDITIONS = DEBUG;
				SWIFT_OPTIMIZATION_LEVEL = "-Onone";
			};
			name = Debug;
		};
		7973580E25FA129400DAB11B /* Release */ = {
			isa = XCBuildConfiguration;
			buildSettings = {
				ALWAYS_SEARCH_USER_PATHS = NO;
				CLANG_ANALYZER_NONNULL = YES;
				CLANG_ANALYZER_NUMBER_OBJECT_CONVERSION = YES_AGGRESSIVE;
				CLANG_CXX_LANGUAGE_STANDARD = "gnu++14";
				CLANG_CXX_LIBRARY = "libc++";
				CLANG_ENABLE_MODULES = YES;
				CLANG_ENABLE_OBJC_ARC = YES;
				CLANG_ENABLE_OBJC_WEAK = YES;
				CLANG_WARN_BLOCK_CAPTURE_AUTORELEASING = YES;
				CLANG_WARN_BOOL_CONVERSION = YES;
				CLANG_WARN_COMMA = YES;
				CLANG_WARN_CONSTANT_CONVERSION = YES;
				CLANG_WARN_DEPRECATED_OBJC_IMPLEMENTATIONS = YES;
				CLANG_WARN_DIRECT_OBJC_ISA_USAGE = YES_ERROR;
				CLANG_WARN_DOCUMENTATION_COMMENTS = YES;
				CLANG_WARN_EMPTY_BODY = YES;
				CLANG_WARN_ENUM_CONVERSION = YES;
				CLANG_WARN_INFINITE_RECURSION = YES;
				CLANG_WARN_INT_CONVERSION = YES;
				CLANG_WARN_NON_LITERAL_NULL_CONVERSION = YES;
				CLANG_WARN_OBJC_IMPLICIT_RETAIN_SELF = YES;
				CLANG_WARN_OBJC_LITERAL_CONVERSION = YES;
				CLANG_WARN_OBJC_ROOT_CLASS = YES_ERROR;
				CLANG_WARN_QUOTED_INCLUDE_IN_FRAMEWORK_HEADER = YES;
				CLANG_WARN_RANGE_LOOP_ANALYSIS = YES;
				CLANG_WARN_STRICT_PROTOTYPES = YES;
				CLANG_WARN_SUSPICIOUS_MOVE = YES;
				CLANG_WARN_UNGUARDED_AVAILABILITY = YES_AGGRESSIVE;
				CLANG_WARN_UNREACHABLE_CODE = YES;
				CLANG_WARN__DUPLICATE_METHOD_MATCH = YES;
				COPY_PHASE_STRIP = NO;
				DEBUG_INFORMATION_FORMAT = "dwarf-with-dsym";
				ENABLE_NS_ASSERTIONS = NO;
				ENABLE_STRICT_OBJC_MSGSEND = YES;
				GCC_C_LANGUAGE_STANDARD = gnu11;
				GCC_NO_COMMON_BLOCKS = YES;
				GCC_WARN_64_TO_32_BIT_CONVERSION = YES;
				GCC_WARN_ABOUT_RETURN_TYPE = YES_ERROR;
				GCC_WARN_UNDECLARED_SELECTOR = YES;
				GCC_WARN_UNINITIALIZED_AUTOS = YES_AGGRESSIVE;
				GCC_WARN_UNUSED_FUNCTION = YES;
				GCC_WARN_UNUSED_VARIABLE = YES;
				IPHONEOS_DEPLOYMENT_TARGET = 14.1;
				MTL_ENABLE_DEBUG_INFO = NO;
				MTL_FAST_MATH = YES;
				SDKROOT = iphoneos;
				SWIFT_COMPILATION_MODE = wholemodule;
				SWIFT_OPTIMIZATION_LEVEL = "-O";
				VALIDATE_PRODUCT = YES;
			};
			name = Release;
		};
		7973581025FA129400DAB11B /* Debug */ = {
			isa = XCBuildConfiguration;
			buildSettings = {
				ASSETCATALOG_COMPILER_APPICON_NAME = AppIcon;
				ASSETCATALOG_COMPILER_GLOBAL_ACCENT_COLOR_NAME = AccentColor;
				CODE_SIGN_STYLE = Automatic;
				DEVELOPMENT_TEAM = 75DMNEQ2RM;
				INFOPLIST_FILE = ClaweeUI/Application/Info.plist;
				IPHONEOS_DEPLOYMENT_TARGET = 13.1;
				LD_RUNPATH_SEARCH_PATHS = (
					"$(inherited)",
					"@executable_path/Frameworks",
				);
				PRODUCT_BUNDLE_IDENTIFIER = com.kefir.ClaweeUI;
				PRODUCT_NAME = "$(TARGET_NAME)";
				SWIFT_VERSION = 5.0;
				TARGETED_DEVICE_FAMILY = "1,2";
			};
			name = Debug;
		};
		7973581125FA129400DAB11B /* Release */ = {
			isa = XCBuildConfiguration;
			buildSettings = {
				ASSETCATALOG_COMPILER_APPICON_NAME = AppIcon;
				ASSETCATALOG_COMPILER_GLOBAL_ACCENT_COLOR_NAME = AccentColor;
				CODE_SIGN_STYLE = Automatic;
				DEVELOPMENT_TEAM = 75DMNEQ2RM;
				INFOPLIST_FILE = ClaweeUI/Application/Info.plist;
				IPHONEOS_DEPLOYMENT_TARGET = 13.1;
				LD_RUNPATH_SEARCH_PATHS = (
					"$(inherited)",
					"@executable_path/Frameworks",
				);
				PRODUCT_BUNDLE_IDENTIFIER = com.kefir.ClaweeUI;
				PRODUCT_NAME = "$(TARGET_NAME)";
				SWIFT_VERSION = 5.0;
				TARGETED_DEVICE_FAMILY = "1,2";
			};
			name = Release;
		};
/* End XCBuildConfiguration section */

/* Begin XCConfigurationList section */
		797357F625FA129100DAB11B /* Build configuration list for PBXProject "ClaweeUI" */ = {
			isa = XCConfigurationList;
			buildConfigurations = (
				7973580D25FA129400DAB11B /* Debug */,
				7973580E25FA129400DAB11B /* Release */,
			);
			defaultConfigurationIsVisible = 0;
			defaultConfigurationName = Release;
		};
		7973580F25FA129400DAB11B /* Build configuration list for PBXNativeTarget "ClaweeUI" */ = {
			isa = XCConfigurationList;
			buildConfigurations = (
				7973581025FA129400DAB11B /* Debug */,
				7973581125FA129400DAB11B /* Release */,
			);
			defaultConfigurationIsVisible = 0;
			defaultConfigurationName = Release;
		};
/* End XCConfigurationList section */
	};
	rootObject = 797357F325FA129100DAB11B /* Project object */;
}
